PODS:
  - Flutter (1.0.0)
  - flutter_isolate (0.0.1):
    - Flutter
  - geolocator_apple (1.2.0):
    - Flutter
  - mapbox_maps_flutter (1.0.0):
    - Flutter
    - MapboxMaps (~> 11.2.0)
  - MapboxCommon (24.2.0)
  - MapboxCoreMaps (11.2.0):
    - MapboxCommon (~> 24.2)
  - MapboxMaps (11.2.0):
    - MapboxCommon (= 24.2.0)
    - MapboxCoreMaps (= 11.2.0)
    - Turf (= 2.8.0)
  - path_provider_foundation (0.0.1):
    - Flutter
    - FlutterMacOS
  - Turf (2.8.0)
  - video_player_avfoundation (0.0.1):
    - Flutter
    - FlutterMacOS

DEPENDENCIES:
  - Flutter (from `Flutter`)
  - flutter_isolate (from `.symlinks/plugins/flutter_isolate/ios`)
  - geolocator_apple (from `.symlinks/plugins/geolocator_apple/ios`)
  - mapbox_maps_flutter (from `.symlinks/plugins/mapbox_maps_flutter/ios`)
  - path_provider_foundation (from `.symlinks/plugins/path_provider_foundation/darwin`)
  - video_player_avfoundation (from `.symlinks/plugins/video_player_avfoundation/darwin`)

SPEC REPOS:
  trunk:
    - MapboxCommon
    - MapboxCoreMaps
    - MapboxMaps
    - Turf

EXTERNAL SOURCES:
  Flutter:
    :path: Flutter
  flutter_isolate:
    :path: ".symlinks/plugins/flutter_isolate/ios"
  geolocator_apple:
    :path: ".symlinks/plugins/geolocator_apple/ios"
  mapbox_maps_flutter:
    :path: ".symlinks/plugins/mapbox_maps_flutter/ios"
  path_provider_foundation:
    :path: ".symlinks/plugins/path_provider_foundation/darwin"
  video_player_avfoundation:
    :path: ".symlinks/plugins/video_player_avfoundation/darwin"

SPEC CHECKSUMS:
  Flutter: e0871f40cf51350855a761d2e70bf5af5b9b5de7
  flutter_isolate: 0edf5081826d071adf21759d1eb10ff5c24503b5
  geolocator_apple: 9157311f654584b9bb72686c55fc02a97b73f461
  mapbox_maps_flutter: 7954cf84b3973ec17d49b483f31baad6abde6c48
  MapboxCommon: f40f1e8c8f3ee8e2bee3b15437812ab114722420
  MapboxCoreMaps: 4294d3178201702a95f2ae316bc4ad419f5fa16a
  MapboxMaps: 413cb886e75b6703c0a3084ce84c29cd681d916f
  path_provider_foundation: 3784922295ac71e43754bd15e0653ccfd36a147c
  Turf: aa2ede4298009639d10db36aba1a7ebaad072a5e
  video_player_avfoundation: 02011213dab73ae3687df27ce441fbbcc82b5579

PODFILE CHECKSUM: 819463e6a0290f5a72f145ba7cde16e8b6ef0796

COCOAPODS: 1.15.2
